// !$*UTF8*$!
{
	archiveVersion = 1;
	classes = {
	};
	objectVersion = 51;
	objects = {

/* Begin PBXBuildFile section */
		3F8EFCD72BC5FF68305DF66E /* Pods_handy_handyUITests.framework in Frameworks */ = {isa = PBXBuildFile; fileRef = C713C057D68E8DE5FC517BB6 /* Pods_handy_handyUITests.framework */; };
		724A173D2B5048B1ABE8B217 /* Pods_handyTests.framework in Frameworks */ = {isa = PBXBuildFile; fileRef = 3CF34809B5BD6EAF19A35D65 /* Pods_handyTests.framework */; };
		8808DD1C2BFC3884D7627C5C /* Pods_handy.framework in Frameworks */ = {isa = PBXBuildFile; fileRef = 7CA1FCED246AFA99832BC848 /* Pods_handy.framework */; };
		90AD1CB826DF6228008B8382 /* AppDelegate.swift in Sources */ = {isa = PBXBuildFile; fileRef = 90AD1CB726DF6228008B8382 /* AppDelegate.swift */; };
		90AD1CBA26DF6228008B8382 /* SceneDelegate.swift in Sources */ = {isa = PBXBuildFile; fileRef = 90AD1CB926DF6228008B8382 /* SceneDelegate.swift */; };
		90AD1CBF26DF6228008B8382 /* Main.storyboard in Resources */ = {isa = PBXBuildFile; fileRef = 90AD1CBD26DF6228008B8382 /* Main.storyboard */; };
		90AD1CC126DF6229008B8382 /* Assets.xcassets in Resources */ = {isa = PBXBuildFile; fileRef = 90AD1CC026DF6229008B8382 /* Assets.xcassets */; };
		90AD1CC426DF6229008B8382 /* LaunchScreen.storyboard in Resources */ = {isa = PBXBuildFile; fileRef = 90AD1CC226DF6229008B8382 /* LaunchScreen.storyboard */; };
		90AD1CCF26DF6229008B8382 /* handyTests.swift in Sources */ = {isa = PBXBuildFile; fileRef = 90AD1CCE26DF6229008B8382 /* handyTests.swift */; };
		90AD1CDA26DF6229008B8382 /* handyUITests.swift in Sources */ = {isa = PBXBuildFile; fileRef = 90AD1CD926DF6229008B8382 /* handyUITests.swift */; };
		90AD1CEC26DF690F008B8382 /* MonthlyViewController.swift in Sources */ = {isa = PBXBuildFile; fileRef = 90AD1CEB26DF690F008B8382 /* MonthlyViewController.swift */; };
		90AD1CEE26DF6920008B8382 /* ToDoViewController.swift in Sources */ = {isa = PBXBuildFile; fileRef = 90AD1CED26DF6920008B8382 /* ToDoViewController.swift */; };
		90AD1CF026DF692B008B8382 /* DiaryViewController.swift in Sources */ = {isa = PBXBuildFile; fileRef = 90AD1CEF26DF692B008B8382 /* DiaryViewController.swift */; };
		90AD1CF226DF6942008B8382 /* WeeklyViewController.swift in Sources */ = {isa = PBXBuildFile; fileRef = 90AD1CF126DF6942008B8382 /* WeeklyViewController.swift */; };
/* End PBXBuildFile section */

/* Begin PBXContainerItemProxy section */
		90AD1CCB26DF6229008B8382 /* PBXContainerItemProxy */ = {
			isa = PBXContainerItemProxy;
			containerPortal = 90AD1CAC26DF6228008B8382 /* Project object */;
			proxyType = 1;
			remoteGlobalIDString = 90AD1CB326DF6228008B8382;
			remoteInfo = handy;
		};
		90AD1CD626DF6229008B8382 /* PBXContainerItemProxy */ = {
			isa = PBXContainerItemProxy;
			containerPortal = 90AD1CAC26DF6228008B8382 /* Project object */;
			proxyType = 1;
			remoteGlobalIDString = 90AD1CB326DF6228008B8382;
			remoteInfo = handy;
		};
/* End PBXContainerItemProxy section */

/* Begin PBXFileReference section */
		3CF34809B5BD6EAF19A35D65 /* Pods_handyTests.framework */ = {isa = PBXFileReference; explicitFileType = wrapper.framework; includeInIndex = 0; path = Pods_handyTests.framework; sourceTree = BUILT_PRODUCTS_DIR; };
		4B08EBD1C20E4A237CE8DCF4 /* Pods-handy-handyUITests.debug.xcconfig */ = {isa = PBXFileReference; includeInIndex = 1; lastKnownFileType = text.xcconfig; name = "Pods-handy-handyUITests.debug.xcconfig"; path = "Target Support Files/Pods-handy-handyUITests/Pods-handy-handyUITests.debug.xcconfig"; sourceTree = "<group>"; };
		7CA1FCED246AFA99832BC848 /* Pods_handy.framework */ = {isa = PBXFileReference; explicitFileType = wrapper.framework; includeInIndex = 0; path = Pods_handy.framework; sourceTree = BUILT_PRODUCTS_DIR; };
		7CA537125180B81D428C35D2 /* Pods-handy-handyUITests.release.xcconfig */ = {isa = PBXFileReference; includeInIndex = 1; lastKnownFileType = text.xcconfig; name = "Pods-handy-handyUITests.release.xcconfig"; path = "Target Support Files/Pods-handy-handyUITests/Pods-handy-handyUITests.release.xcconfig"; sourceTree = "<group>"; };
		90AD1CB426DF6228008B8382 /* handy.app */ = {isa = PBXFileReference; explicitFileType = wrapper.application; includeInIndex = 0; path = handy.app; sourceTree = BUILT_PRODUCTS_DIR; };
		90AD1CB726DF6228008B8382 /* AppDelegate.swift */ = {isa = PBXFileReference; lastKnownFileType = sourcecode.swift; path = AppDelegate.swift; sourceTree = "<group>"; };
		90AD1CB926DF6228008B8382 /* SceneDelegate.swift */ = {isa = PBXFileReference; lastKnownFileType = sourcecode.swift; path = SceneDelegate.swift; sourceTree = "<group>"; };
		90AD1CBE26DF6228008B8382 /* Base */ = {isa = PBXFileReference; lastKnownFileType = file.storyboard; name = Base; path = Base.lproj/Main.storyboard; sourceTree = "<group>"; };
		90AD1CC026DF6229008B8382 /* Assets.xcassets */ = {isa = PBXFileReference; lastKnownFileType = folder.assetcatalog; path = Assets.xcassets; sourceTree = "<group>"; };
		90AD1CC326DF6229008B8382 /* Base */ = {isa = PBXFileReference; lastKnownFileType = file.storyboard; name = Base; path = Base.lproj/LaunchScreen.storyboard; sourceTree = "<group>"; };
		90AD1CC526DF6229008B8382 /* Info.plist */ = {isa = PBXFileReference; lastKnownFileType = text.plist.xml; path = Info.plist; sourceTree = "<group>"; };
		90AD1CCA26DF6229008B8382 /* handyTests.xctest */ = {isa = PBXFileReference; explicitFileType = wrapper.cfbundle; includeInIndex = 0; path = handyTests.xctest; sourceTree = BUILT_PRODUCTS_DIR; };
		90AD1CCE26DF6229008B8382 /* handyTests.swift */ = {isa = PBXFileReference; lastKnownFileType = sourcecode.swift; path = handyTests.swift; sourceTree = "<group>"; };
		90AD1CD026DF6229008B8382 /* Info.plist */ = {isa = PBXFileReference; lastKnownFileType = text.plist.xml; path = Info.plist; sourceTree = "<group>"; };
		90AD1CD526DF6229008B8382 /* handyUITests.xctest */ = {isa = PBXFileReference; explicitFileType = wrapper.cfbundle; includeInIndex = 0; path = handyUITests.xctest; sourceTree = BUILT_PRODUCTS_DIR; };
		90AD1CD926DF6229008B8382 /* handyUITests.swift */ = {isa = PBXFileReference; lastKnownFileType = sourcecode.swift; path = handyUITests.swift; sourceTree = "<group>"; };
		90AD1CDB26DF6229008B8382 /* Info.plist */ = {isa = PBXFileReference; lastKnownFileType = text.plist.xml; path = Info.plist; sourceTree = "<group>"; };
		90AD1CEB26DF690F008B8382 /* MonthlyViewController.swift */ = {isa = PBXFileReference; lastKnownFileType = sourcecode.swift; path = MonthlyViewController.swift; sourceTree = "<group>"; };
		90AD1CED26DF6920008B8382 /* ToDoViewController.swift */ = {isa = PBXFileReference; lastKnownFileType = sourcecode.swift; path = ToDoViewController.swift; sourceTree = "<group>"; };
		90AD1CEF26DF692B008B8382 /* DiaryViewController.swift */ = {isa = PBXFileReference; lastKnownFileType = sourcecode.swift; path = DiaryViewController.swift; sourceTree = "<group>"; };
		90AD1CF126DF6942008B8382 /* WeeklyViewController.swift */ = {isa = PBXFileReference; lastKnownFileType = sourcecode.swift; path = WeeklyViewController.swift; sourceTree = "<group>"; };
		AE40A44036A8FCF4FB92B2E4 /* Pods-handy.release.xcconfig */ = {isa = PBXFileReference; includeInIndex = 1; lastKnownFileType = text.xcconfig; name = "Pods-handy.release.xcconfig"; path = "Target Support Files/Pods-handy/Pods-handy.release.xcconfig"; sourceTree = "<group>"; };
		C048C55A3186C1E3A3123463 /* Pods-handy.debug.xcconfig */ = {isa = PBXFileReference; includeInIndex = 1; lastKnownFileType = text.xcconfig; name = "Pods-handy.debug.xcconfig"; path = "Target Support Files/Pods-handy/Pods-handy.debug.xcconfig"; sourceTree = "<group>"; };
		C713C057D68E8DE5FC517BB6 /* Pods_handy_handyUITests.framework */ = {isa = PBXFileReference; explicitFileType = wrapper.framework; includeInIndex = 0; path = Pods_handy_handyUITests.framework; sourceTree = BUILT_PRODUCTS_DIR; };
		E16365FD80E1A3E4BF5EEC91 /* Pods-handyTests.release.xcconfig */ = {isa = PBXFileReference; includeInIndex = 1; lastKnownFileType = text.xcconfig; name = "Pods-handyTests.release.xcconfig"; path = "Target Support Files/Pods-handyTests/Pods-handyTests.release.xcconfig"; sourceTree = "<group>"; };
		F994A93416A6A69DB36C9009 /* Pods-handyTests.debug.xcconfig */ = {isa = PBXFileReference; includeInIndex = 1; lastKnownFileType = text.xcconfig; name = "Pods-handyTests.debug.xcconfig"; path = "Target Support Files/Pods-handyTests/Pods-handyTests.debug.xcconfig"; sourceTree = "<group>"; };
/* End PBXFileReference section */

/* Begin PBXFrameworksBuildPhase section */
		90AD1CB126DF6228008B8382 /* Frameworks */ = {
			isa = PBXFrameworksBuildPhase;
			buildActionMask = 2147483647;
			files = (
				8808DD1C2BFC3884D7627C5C /* Pods_handy.framework in Frameworks */,
			);
			runOnlyForDeploymentPostprocessing = 0;
		};
		90AD1CC726DF6229008B8382 /* Frameworks */ = {
			isa = PBXFrameworksBuildPhase;
			buildActionMask = 2147483647;
			files = (
				724A173D2B5048B1ABE8B217 /* Pods_handyTests.framework in Frameworks */,
			);
			runOnlyForDeploymentPostprocessing = 0;
		};
		90AD1CD226DF6229008B8382 /* Frameworks */ = {
			isa = PBXFrameworksBuildPhase;
			buildActionMask = 2147483647;
			files = (
				3F8EFCD72BC5FF68305DF66E /* Pods_handy_handyUITests.framework in Frameworks */,
			);
			runOnlyForDeploymentPostprocessing = 0;
		};
/* End PBXFrameworksBuildPhase section */

/* Begin PBXGroup section */
		2A1BDA28936305D31CAAE7F0 /* Pods */ = {
			isa = PBXGroup;
			children = (
				C048C55A3186C1E3A3123463 /* Pods-handy.debug.xcconfig */,
				AE40A44036A8FCF4FB92B2E4 /* Pods-handy.release.xcconfig */,
				4B08EBD1C20E4A237CE8DCF4 /* Pods-handy-handyUITests.debug.xcconfig */,
				7CA537125180B81D428C35D2 /* Pods-handy-handyUITests.release.xcconfig */,
				F994A93416A6A69DB36C9009 /* Pods-handyTests.debug.xcconfig */,
				E16365FD80E1A3E4BF5EEC91 /* Pods-handyTests.release.xcconfig */,
			);
			path = Pods;
			sourceTree = "<group>";
		};
		90AD1CAB26DF6228008B8382 = {
			isa = PBXGroup;
			children = (
				90AD1CB626DF6228008B8382 /* handy */,
				90AD1CCD26DF6229008B8382 /* handyTests */,
				90AD1CD826DF6229008B8382 /* handyUITests */,
				90AD1CB526DF6228008B8382 /* Products */,
				2A1BDA28936305D31CAAE7F0 /* Pods */,
				F93D533226226000AC5D1AB9 /* Frameworks */,
			);
			sourceTree = "<group>";
		};
		90AD1CB526DF6228008B8382 /* Products */ = {
			isa = PBXGroup;
			children = (
				90AD1CB426DF6228008B8382 /* handy.app */,
				90AD1CCA26DF6229008B8382 /* handyTests.xctest */,
				90AD1CD526DF6229008B8382 /* handyUITests.xctest */,
			);
			name = Products;
			sourceTree = "<group>";
		};
		90AD1CB626DF6228008B8382 /* handy */ = {
			isa = PBXGroup;
			children = (
				90AD1CF326DFBDF5008B8382 /* view */,
				90AD1CE726DF6882008B8382 /* view controller */,
				90AD1CB726DF6228008B8382 /* AppDelegate.swift */,
				90AD1CB926DF6228008B8382 /* SceneDelegate.swift */,
				90AD1CBD26DF6228008B8382 /* Main.storyboard */,
				90AD1CC026DF6229008B8382 /* Assets.xcassets */,
				90AD1CC226DF6229008B8382 /* LaunchScreen.storyboard */,
				90AD1CC526DF6229008B8382 /* Info.plist */,
			);
			path = handy;
			sourceTree = "<group>";
		};
		90AD1CCD26DF6229008B8382 /* handyTests */ = {
			isa = PBXGroup;
			children = (
				90AD1CCE26DF6229008B8382 /* handyTests.swift */,
				90AD1CD026DF6229008B8382 /* Info.plist */,
			);
			path = handyTests;
			sourceTree = "<group>";
		};
		90AD1CD826DF6229008B8382 /* handyUITests */ = {
			isa = PBXGroup;
			children = (
				90AD1CD926DF6229008B8382 /* handyUITests.swift */,
				90AD1CDB26DF6229008B8382 /* Info.plist */,
			);
			path = handyUITests;
			sourceTree = "<group>";
		};
		90AD1CE726DF6882008B8382 /* view controller */ = {
			isa = PBXGroup;
			children = (
				90AD1CEA26DF68CA008B8382 /* daily */,
				90AD1CE926DF68C2008B8382 /* weekly */,
				90AD1CE826DF68B6008B8382 /* monthly */,
			);
			path = "view controller";
			sourceTree = "<group>";
		};
		90AD1CE826DF68B6008B8382 /* monthly */ = {
			isa = PBXGroup;
			children = (
				90AD1CEB26DF690F008B8382 /* MonthlyViewController.swift */,
			);
			path = monthly;
			sourceTree = "<group>";
		};
		90AD1CE926DF68C2008B8382 /* weekly */ = {
			isa = PBXGroup;
			children = (
				90AD1CF126DF6942008B8382 /* WeeklyViewController.swift */,
			);
			path = weekly;
			sourceTree = "<group>";
		};
		90AD1CEA26DF68CA008B8382 /* daily */ = {
			isa = PBXGroup;
			children = (
				90AD1CEF26DF692B008B8382 /* DiaryViewController.swift */,
				90AD1CED26DF6920008B8382 /* ToDoViewController.swift */,
			);
			path = daily;
			sourceTree = "<group>";
		};
		90AD1CF326DFBDF5008B8382 /* view */ = {
			isa = PBXGroup;
			children = (
			);
			path = view;
			sourceTree = "<group>";
		};
		F93D533226226000AC5D1AB9 /* Frameworks */ = {
			isa = PBXGroup;
			children = (
				7CA1FCED246AFA99832BC848 /* Pods_handy.framework */,
				C713C057D68E8DE5FC517BB6 /* Pods_handy_handyUITests.framework */,
				3CF34809B5BD6EAF19A35D65 /* Pods_handyTests.framework */,
			);
			name = Frameworks;
			sourceTree = "<group>";
		};
/* End PBXGroup section */

/* Begin PBXNativeTarget section */
		90AD1CB326DF6228008B8382 /* handy */ = {
			isa = PBXNativeTarget;
			buildConfigurationList = 90AD1CDE26DF6229008B8382 /* Build configuration list for PBXNativeTarget "handy" */;
			buildPhases = (
				820BAF8C51DAFC64200AB48D /* [CP] Check Pods Manifest.lock */,
				90AD1CB026DF6228008B8382 /* Sources */,
				90AD1CB126DF6228008B8382 /* Frameworks */,
				90AD1CB226DF6228008B8382 /* Resources */,
				9B8C88A58734226CE7B44633 /* [CP] Embed Pods Frameworks */,
			);
			buildRules = (
			);
			dependencies = (
			);
			name = handy;
			productName = handy;
			productReference = 90AD1CB426DF6228008B8382 /* handy.app */;
			productType = "com.apple.product-type.application";
		};
		90AD1CC926DF6229008B8382 /* handyTests */ = {
			isa = PBXNativeTarget;
			buildConfigurationList = 90AD1CE126DF6229008B8382 /* Build configuration list for PBXNativeTarget "handyTests" */;
			buildPhases = (
				766CD59A2A5B6C1053563EFC /* [CP] Check Pods Manifest.lock */,
				90AD1CC626DF6229008B8382 /* Sources */,
				90AD1CC726DF6229008B8382 /* Frameworks */,
				90AD1CC826DF6229008B8382 /* Resources */,
			);
			buildRules = (
			);
			dependencies = (
				90AD1CCC26DF6229008B8382 /* PBXTargetDependency */,
			);
			name = handyTests;
			productName = handyTests;
			productReference = 90AD1CCA26DF6229008B8382 /* handyTests.xctest */;
			productType = "com.apple.product-type.bundle.unit-test";
		};
		90AD1CD426DF6229008B8382 /* handyUITests */ = {
			isa = PBXNativeTarget;
			buildConfigurationList = 90AD1CE426DF6229008B8382 /* Build configuration list for PBXNativeTarget "handyUITests" */;
			buildPhases = (
				4F6BE005242AC674A754DF90 /* [CP] Check Pods Manifest.lock */,
				90AD1CD126DF6229008B8382 /* Sources */,
				90AD1CD226DF6229008B8382 /* Frameworks */,
				90AD1CD326DF6229008B8382 /* Resources */,
				E7A799AE3ABDFC234AE0CF4A /* [CP] Embed Pods Frameworks */,
			);
			buildRules = (
			);
			dependencies = (
				90AD1CD726DF6229008B8382 /* PBXTargetDependency */,
			);
			name = handyUITests;
			productName = handyUITests;
			productReference = 90AD1CD526DF6229008B8382 /* handyUITests.xctest */;
			productType = "com.apple.product-type.bundle.ui-testing";
		};
/* End PBXNativeTarget section */

/* Begin PBXProject section */
		90AD1CAC26DF6228008B8382 /* Project object */ = {
			isa = PBXProject;
			attributes = {
				LastSwiftUpdateCheck = 1250;
				LastUpgradeCheck = 1250;
				TargetAttributes = {
					90AD1CB326DF6228008B8382 = {
						CreatedOnToolsVersion = 12.5.1;
					};
					90AD1CC926DF6229008B8382 = {
						CreatedOnToolsVersion = 12.5.1;
						TestTargetID = 90AD1CB326DF6228008B8382;
					};
					90AD1CD426DF6229008B8382 = {
						CreatedOnToolsVersion = 12.5.1;
						TestTargetID = 90AD1CB326DF6228008B8382;
					};
				};
			};
			buildConfigurationList = 90AD1CAF26DF6228008B8382 /* Build configuration list for PBXProject "handy" */;
			compatibilityVersion = "Xcode 9.3";
			developmentRegion = en;
			hasScannedForEncodings = 0;
			knownRegions = (
				en,
				Base,
			);
			mainGroup = 90AD1CAB26DF6228008B8382;
			productRefGroup = 90AD1CB526DF6228008B8382 /* Products */;
			projectDirPath = "";
			projectRoot = "";
			targets = (
				90AD1CB326DF6228008B8382 /* handy */,
				90AD1CC926DF6229008B8382 /* handyTests */,
				90AD1CD426DF6229008B8382 /* handyUITests */,
			);
		};
/* End PBXProject section */

/* Begin PBXResourcesBuildPhase section */
		90AD1CB226DF6228008B8382 /* Resources */ = {
			isa = PBXResourcesBuildPhase;
			buildActionMask = 2147483647;
			files = (
				90AD1CC426DF6229008B8382 /* LaunchScreen.storyboard in Resources */,
				90AD1CC126DF6229008B8382 /* Assets.xcassets in Resources */,
				90AD1CBF26DF6228008B8382 /* Main.storyboard in Resources */,
			);
			runOnlyForDeploymentPostprocessing = 0;
		};
		90AD1CC826DF6229008B8382 /* Resources */ = {
			isa = PBXResourcesBuildPhase;
			buildActionMask = 2147483647;
			files = (
			);
			runOnlyForDeploymentPostprocessing = 0;
		};
		90AD1CD326DF6229008B8382 /* Resources */ = {
			isa = PBXResourcesBuildPhase;
			buildActionMask = 2147483647;
			files = (
			);
			runOnlyForDeploymentPostprocessing = 0;
		};
/* End PBXResourcesBuildPhase section */

/* Begin PBXShellScriptBuildPhase section */
		4F6BE005242AC674A754DF90 /* [CP] Check Pods Manifest.lock */ = {
			isa = PBXShellScriptBuildPhase;
			buildActionMask = 2147483647;
			files = (
			);
			inputFileListPaths = (
			);
			inputPaths = (
				"${PODS_PODFILE_DIR_PATH}/Podfile.lock",
				"${PODS_ROOT}/Manifest.lock",
			);
			name = "[CP] Check Pods Manifest.lock";
			outputFileListPaths = (
			);
			outputPaths = (
				"$(DERIVED_FILE_DIR)/Pods-handy-handyUITests-checkManifestLockResult.txt",
			);
			runOnlyForDeploymentPostprocessing = 0;
			shellPath = /bin/sh;
			shellScript = "diff \"${PODS_PODFILE_DIR_PATH}/Podfile.lock\" \"${PODS_ROOT}/Manifest.lock\" > /dev/null\nif [ $? != 0 ] ; then\n    # print error to STDERR\n    echo \"error: The sandbox is not in sync with the Podfile.lock. Run 'pod install' or update your CocoaPods installation.\" >&2\n    exit 1\nfi\n# This output is used by Xcode 'outputs' to avoid re-running this script phase.\necho \"SUCCESS\" > \"${SCRIPT_OUTPUT_FILE_0}\"\n";
			showEnvVarsInLog = 0;
		};
		766CD59A2A5B6C1053563EFC /* [CP] Check Pods Manifest.lock */ = {
			isa = PBXShellScriptBuildPhase;
			buildActionMask = 2147483647;
			files = (
			);
			inputFileListPaths = (
			);
			inputPaths = (
				"${PODS_PODFILE_DIR_PATH}/Podfile.lock",
				"${PODS_ROOT}/Manifest.lock",
			);
			name = "[CP] Check Pods Manifest.lock";
			outputFileListPaths = (
			);
			outputPaths = (
				"$(DERIVED_FILE_DIR)/Pods-handyTests-checkManifestLockResult.txt",
			);
			runOnlyForDeploymentPostprocessing = 0;
			shellPath = /bin/sh;
			shellScript = "diff \"${PODS_PODFILE_DIR_PATH}/Podfile.lock\" \"${PODS_ROOT}/Manifest.lock\" > /dev/null\nif [ $? != 0 ] ; then\n    # print error to STDERR\n    echo \"error: The sandbox is not in sync with the Podfile.lock. Run 'pod install' or update your CocoaPods installation.\" >&2\n    exit 1\nfi\n# This output is used by Xcode 'outputs' to avoid re-running this script phase.\necho \"SUCCESS\" > \"${SCRIPT_OUTPUT_FILE_0}\"\n";
			showEnvVarsInLog = 0;
		};
		820BAF8C51DAFC64200AB48D /* [CP] Check Pods Manifest.lock */ = {
			isa = PBXShellScriptBuildPhase;
			buildActionMask = 2147483647;
			files = (
			);
			inputFileListPaths = (
			);
			inputPaths = (
				"${PODS_PODFILE_DIR_PATH}/Podfile.lock",
				"${PODS_ROOT}/Manifest.lock",
			);
			name = "[CP] Check Pods Manifest.lock";
			outputFileListPaths = (
			);
			outputPaths = (
				"$(DERIVED_FILE_DIR)/Pods-handy-checkManifestLockResult.txt",
			);
			runOnlyForDeploymentPostprocessing = 0;
			shellPath = /bin/sh;
			shellScript = "diff \"${PODS_PODFILE_DIR_PATH}/Podfile.lock\" \"${PODS_ROOT}/Manifest.lock\" > /dev/null\nif [ $? != 0 ] ; then\n    # print error to STDERR\n    echo \"error: The sandbox is not in sync with the Podfile.lock. Run 'pod install' or update your CocoaPods installation.\" >&2\n    exit 1\nfi\n# This output is used by Xcode 'outputs' to avoid re-running this script phase.\necho \"SUCCESS\" > \"${SCRIPT_OUTPUT_FILE_0}\"\n";
			showEnvVarsInLog = 0;
		};
		9B8C88A58734226CE7B44633 /* [CP] Embed Pods Frameworks */ = {
			isa = PBXShellScriptBuildPhase;
			buildActionMask = 2147483647;
			files = (
			);
			inputFileListPaths = (
				"${PODS_ROOT}/Target Support Files/Pods-handy/Pods-handy-frameworks-${CONFIGURATION}-input-files.xcfilelist",
			);
			name = "[CP] Embed Pods Frameworks";
			outputFileListPaths = (
				"${PODS_ROOT}/Target Support Files/Pods-handy/Pods-handy-frameworks-${CONFIGURATION}-output-files.xcfilelist",
			);
			runOnlyForDeploymentPostprocessing = 0;
			shellPath = /bin/sh;
			shellScript = "\"${PODS_ROOT}/Target Support Files/Pods-handy/Pods-handy-frameworks.sh\"\n";
			showEnvVarsInLog = 0;
		};
		E7A799AE3ABDFC234AE0CF4A /* [CP] Embed Pods Frameworks */ = {
			isa = PBXShellScriptBuildPhase;
			buildActionMask = 2147483647;
			files = (
			);
			inputFileListPaths = (
				"${PODS_ROOT}/Target Support Files/Pods-handy-handyUITests/Pods-handy-handyUITests-frameworks-${CONFIGURATION}-input-files.xcfilelist",
			);
			name = "[CP] Embed Pods Frameworks";
			outputFileListPaths = (
				"${PODS_ROOT}/Target Support Files/Pods-handy-handyUITests/Pods-handy-handyUITests-frameworks-${CONFIGURATION}-output-files.xcfilelist",
			);
			runOnlyForDeploymentPostprocessing = 0;
			shellPath = /bin/sh;
			shellScript = "\"${PODS_ROOT}/Target Support Files/Pods-handy-handyUITests/Pods-handy-handyUITests-frameworks.sh\"\n";
			showEnvVarsInLog = 0;
		};
/* End PBXShellScriptBuildPhase section */

/* Begin PBXSourcesBuildPhase section */
		90AD1CB026DF6228008B8382 /* Sources */ = {
			isa = PBXSourcesBuildPhase;
			buildActionMask = 2147483647;
			files = (
				90AD1CF226DF6942008B8382 /* WeeklyViewController.swift in Sources */,
				90AD1CEE26DF6920008B8382 /* ToDoViewController.swift in Sources */,
				90AD1CEC26DF690F008B8382 /* MonthlyViewController.swift in Sources */,
				90AD1CB826DF6228008B8382 /* AppDelegate.swift in Sources */,
				90AD1CF026DF692B008B8382 /* DiaryViewController.swift in Sources */,
				90AD1CBA26DF6228008B8382 /* SceneDelegate.swift in Sources */,
			);
			runOnlyForDeploymentPostprocessing = 0;
		};
		90AD1CC626DF6229008B8382 /* Sources */ = {
			isa = PBXSourcesBuildPhase;
			buildActionMask = 2147483647;
			files = (
				90AD1CCF26DF6229008B8382 /* handyTests.swift in Sources */,
			);
			runOnlyForDeploymentPostprocessing = 0;
		};
		90AD1CD126DF6229008B8382 /* Sources */ = {
			isa = PBXSourcesBuildPhase;
			buildActionMask = 2147483647;
			files = (
				90AD1CDA26DF6229008B8382 /* handyUITests.swift in Sources */,
			);
			runOnlyForDeploymentPostprocessing = 0;
		};
/* End PBXSourcesBuildPhase section */

/* Begin PBXTargetDependency section */
		90AD1CCC26DF6229008B8382 /* PBXTargetDependency */ = {
			isa = PBXTargetDependency;
			target = 90AD1CB326DF6228008B8382 /* handy */;
			targetProxy = 90AD1CCB26DF6229008B8382 /* PBXContainerItemProxy */;
		};
		90AD1CD726DF6229008B8382 /* PBXTargetDependency */ = {
			isa = PBXTargetDependency;
			target = 90AD1CB326DF6228008B8382 /* handy */;
			targetProxy = 90AD1CD626DF6229008B8382 /* PBXContainerItemProxy */;
		};
/* End PBXTargetDependency section */

/* Begin PBXVariantGroup section */
		90AD1CBD26DF6228008B8382 /* Main.storyboard */ = {
			isa = PBXVariantGroup;
			children = (
				90AD1CBE26DF6228008B8382 /* Base */,
			);
			name = Main.storyboard;
			sourceTree = "<group>";
		};
		90AD1CC226DF6229008B8382 /* LaunchScreen.storyboard */ = {
			isa = PBXVariantGroup;
			children = (
				90AD1CC326DF6229008B8382 /* Base */,
			);
			name = LaunchScreen.storyboard;
			sourceTree = "<group>";
		};
/* End PBXVariantGroup section */

/* Begin XCBuildConfiguration section */
		90AD1CDC26DF6229008B8382 /* Debug */ = {
			isa = XCBuildConfiguration;
			buildSettings = {
				ALWAYS_SEARCH_USER_PATHS = NO;
				CLANG_ANALYZER_NONNULL = YES;
				CLANG_ANALYZER_NUMBER_OBJECT_CONVERSION = YES_AGGRESSIVE;
				CLANG_CXX_LANGUAGE_STANDARD = "gnu++14";
				CLANG_CXX_LIBRARY = "libc++";
				CLANG_ENABLE_MODULES = YES;
				CLANG_ENABLE_OBJC_ARC = YES;
				CLANG_ENABLE_OBJC_WEAK = YES;
				CLANG_WARN_BLOCK_CAPTURE_AUTORELEASING = YES;
				CLANG_WARN_BOOL_CONVERSION = YES;
				CLANG_WARN_COMMA = YES;
				CLANG_WARN_CONSTANT_CONVERSION = YES;
				CLANG_WARN_DEPRECATED_OBJC_IMPLEMENTATIONS = YES;
				CLANG_WARN_DIRECT_OBJC_ISA_USAGE = YES_ERROR;
				CLANG_WARN_DOCUMENTATION_COMMENTS = YES;
				CLANG_WARN_EMPTY_BODY = YES;
				CLANG_WARN_ENUM_CONVERSION = YES;
				CLANG_WARN_INFINITE_RECURSION = YES;
				CLANG_WARN_INT_CONVERSION = YES;
				CLANG_WARN_NON_LITERAL_NULL_CONVERSION = YES;
				CLANG_WARN_OBJC_IMPLICIT_RETAIN_SELF = YES;
				CLANG_WARN_OBJC_LITERAL_CONVERSION = YES;
				CLANG_WARN_OBJC_ROOT_CLASS = YES_ERROR;
				CLANG_WARN_QUOTED_INCLUDE_IN_FRAMEWORK_HEADER = YES;
				CLANG_WARN_RANGE_LOOP_ANALYSIS = YES;
				CLANG_WARN_STRICT_PROTOTYPES = YES;
				CLANG_WARN_SUSPICIOUS_MOVE = YES;
				CLANG_WARN_UNGUARDED_AVAILABILITY = YES_AGGRESSIVE;
				CLANG_WARN_UNREACHABLE_CODE = YES;
				CLANG_WARN__DUPLICATE_METHOD_MATCH = YES;
				COPY_PHASE_STRIP = NO;
				DEBUG_INFORMATION_FORMAT = dwarf;
				ENABLE_STRICT_OBJC_MSGSEND = YES;
				ENABLE_TESTABILITY = YES;
				GCC_C_LANGUAGE_STANDARD = gnu11;
				GCC_DYNAMIC_NO_PIC = NO;
				GCC_NO_COMMON_BLOCKS = YES;
				GCC_OPTIMIZATION_LEVEL = 0;
				GCC_PREPROCESSOR_DEFINITIONS = (
					"DEBUG=1",
					"$(inherited)",
				);
				GCC_WARN_64_TO_32_BIT_CONVERSION = YES;
				GCC_WARN_ABOUT_RETURN_TYPE = YES_ERROR;
				GCC_WARN_UNDECLARED_SELECTOR = YES;
				GCC_WARN_UNINITIALIZED_AUTOS = YES_AGGRESSIVE;
				GCC_WARN_UNUSED_FUNCTION = YES;
				GCC_WARN_UNUSED_VARIABLE = YES;
				IPHONEOS_DEPLOYMENT_TARGET = 14.5;
				MTL_ENABLE_DEBUG_INFO = INCLUDE_SOURCE;
				MTL_FAST_MATH = YES;
				ONLY_ACTIVE_ARCH = YES;
				SDKROOT = iphoneos;
				SWIFT_ACTIVE_COMPILATION_CONDITIONS = DEBUG;
				SWIFT_OPTIMIZATION_LEVEL = "-Onone";
			};
			name = Debug;
		};
		90AD1CDD26DF6229008B8382 /* Release */ = {
			isa = XCBuildConfiguration;
			buildSettings = {
				ALWAYS_SEARCH_USER_PATHS = NO;
				CLANG_ANALYZER_NONNULL = YES;
				CLANG_ANALYZER_NUMBER_OBJECT_CONVERSION = YES_AGGRESSIVE;
				CLANG_CXX_LANGUAGE_STANDARD = "gnu++14";
				CLANG_CXX_LIBRARY = "libc++";
				CLANG_ENABLE_MODULES = YES;
				CLANG_ENABLE_OBJC_ARC = YES;
				CLANG_ENABLE_OBJC_WEAK = YES;
				CLANG_WARN_BLOCK_CAPTURE_AUTORELEASING = YES;
				CLANG_WARN_BOOL_CONVERSION = YES;
				CLANG_WARN_COMMA = YES;
				CLANG_WARN_CONSTANT_CONVERSION = YES;
				CLANG_WARN_DEPRECATED_OBJC_IMPLEMENTATIONS = YES;
				CLANG_WARN_DIRECT_OBJC_ISA_USAGE = YES_ERROR;
				CLANG_WARN_DOCUMENTATION_COMMENTS = YES;
				CLANG_WARN_EMPTY_BODY = YES;
				CLANG_WARN_ENUM_CONVERSION = YES;
				CLANG_WARN_INFINITE_RECURSION = YES;
				CLANG_WARN_INT_CONVERSION = YES;
				CLANG_WARN_NON_LITERAL_NULL_CONVERSION = YES;
				CLANG_WARN_OBJC_IMPLICIT_RETAIN_SELF = YES;
				CLANG_WARN_OBJC_LITERAL_CONVERSION = YES;
				CLANG_WARN_OBJC_ROOT_CLASS = YES_ERROR;
				CLANG_WARN_QUOTED_INCLUDE_IN_FRAMEWORK_HEADER = YES;
				CLANG_WARN_RANGE_LOOP_ANALYSIS = YES;
				CLANG_WARN_STRICT_PROTOTYPES = YES;
				CLANG_WARN_SUSPICIOUS_MOVE = YES;
				CLANG_WARN_UNGUARDED_AVAILABILITY = YES_AGGRESSIVE;
				CLANG_WARN_UNREACHABLE_CODE = YES;
				CLANG_WARN__DUPLICATE_METHOD_MATCH = YES;
				COPY_PHASE_STRIP = NO;
				DEBUG_INFORMATION_FORMAT = "dwarf-with-dsym";
				ENABLE_NS_ASSERTIONS = NO;
				ENABLE_STRICT_OBJC_MSGSEND = YES;
				GCC_C_LANGUAGE_STANDARD = gnu11;
				GCC_NO_COMMON_BLOCKS = YES;
				GCC_WARN_64_TO_32_BIT_CONVERSION = YES;
				GCC_WARN_ABOUT_RETURN_TYPE = YES_ERROR;
				GCC_WARN_UNDECLARED_SELECTOR = YES;
				GCC_WARN_UNINITIALIZED_AUTOS = YES_AGGRESSIVE;
				GCC_WARN_UNUSED_FUNCTION = YES;
				GCC_WARN_UNUSED_VARIABLE = YES;
				IPHONEOS_DEPLOYMENT_TARGET = 14.5;
				MTL_ENABLE_DEBUG_INFO = NO;
				MTL_FAST_MATH = YES;
				SDKROOT = iphoneos;
				SWIFT_COMPILATION_MODE = wholemodule;
				SWIFT_OPTIMIZATION_LEVEL = "-O";
				VALIDATE_PRODUCT = YES;
			};
			name = Release;
		};
		90AD1CDF26DF6229008B8382 /* Debug */ = {
			isa = XCBuildConfiguration;
			baseConfigurationReference = C048C55A3186C1E3A3123463 /* Pods-handy.debug.xcconfig */;
			buildSettings = {
				ASSETCATALOG_COMPILER_APPICON_NAME = AppIcon;
				ASSETCATALOG_COMPILER_GLOBAL_ACCENT_COLOR_NAME = AccentColor;
				CODE_SIGN_STYLE = Automatic;
				DEVELOPMENT_TEAM = U3V7X75S9T;
				INFOPLIST_FILE = handy/Info.plist;
				LD_RUNPATH_SEARCH_PATHS = (
					"$(inherited)",
					"@executable_path/Frameworks",
				);
				PRODUCT_BUNDLE_IDENTIFIER = jiyeon.handy;
				PRODUCT_NAME = "$(TARGET_NAME)";
				SWIFT_VERSION = 5.0;
				TARGETED_DEVICE_FAMILY = "1,2";
			};
			name = Debug;
		};
		90AD1CE026DF6229008B8382 /* Release */ = {
			isa = XCBuildConfiguration;
			baseConfigurationReference = AE40A44036A8FCF4FB92B2E4 /* Pods-handy.release.xcconfig */;
			buildSettings = {
				ASSETCATALOG_COMPILER_APPICON_NAME = AppIcon;
				ASSETCATALOG_COMPILER_GLOBAL_ACCENT_COLOR_NAME = AccentColor;
				CODE_SIGN_STYLE = Automatic;
				DEVELOPMENT_TEAM = U3V7X75S9T;
				INFOPLIST_FILE = handy/Info.plist;
				LD_RUNPATH_SEARCH_PATHS = (
					"$(inherited)",
					"@executable_path/Frameworks",
				);
				PRODUCT_BUNDLE_IDENTIFIER = jiyeon.handy;
				PRODUCT_NAME = "$(TARGET_NAME)";
				SWIFT_VERSION = 5.0;
				TARGETED_DEVICE_FAMILY = "1,2";
			};
			name = Release;
		};
		90AD1CE226DF6229008B8382 /* Debug */ = {
			isa = XCBuildConfiguration;
			baseConfigurationReference = F994A93416A6A69DB36C9009 /* Pods-handyTests.debug.xcconfig */;
			buildSettings = {
				ALWAYS_EMBED_SWIFT_STANDARD_LIBRARIES = YES;
				BUNDLE_LOADER = "$(TEST_HOST)";
				CODE_SIGN_STYLE = Automatic;
				DEVELOPMENT_TEAM = U3V7X75S9T;
				INFOPLIST_FILE = handyTests/Info.plist;
				IPHONEOS_DEPLOYMENT_TARGET = 14.5;
				LD_RUNPATH_SEARCH_PATHS = (
					"$(inherited)",
					"@executable_path/Frameworks",
					"@loader_path/Frameworks",
				);
				PRODUCT_BUNDLE_IDENTIFIER = jiyeon.handyTests;
				PRODUCT_NAME = "$(TARGET_NAME)";
				SWIFT_VERSION = 5.0;
				TARGETED_DEVICE_FAMILY = "1,2";
				TEST_HOST = "$(BUILT_PRODUCTS_DIR)/handy.app/handy";
			};
			name = Debug;
		};
		90AD1CE326DF6229008B8382 /* Release */ = {
			isa = XCBuildConfiguration;
			baseConfigurationReference = E16365FD80E1A3E4BF5EEC91 /* Pods-handyTests.release.xcconfig */;
			buildSettings = {
				ALWAYS_EMBED_SWIFT_STANDARD_LIBRARIES = YES;
				BUNDLE_LOADER = "$(TEST_HOST)";
				CODE_SIGN_STYLE = Automatic;
				DEVELOPMENT_TEAM = U3V7X75S9T;
				INFOPLIST_FILE = handyTests/Info.plist;
				IPHONEOS_DEPLOYMENT_TARGET = 14.5;
				LD_RUNPATH_SEARCH_PATHS = (
					"$(inherited)",
					"@executable_path/Frameworks",
					"@loader_path/Frameworks",
				);
				PRODUCT_BUNDLE_IDENTIFIER = jiyeon.handyTests;
				PRODUCT_NAME = "$(TARGET_NAME)";
				SWIFT_VERSION = 5.0;
				TARGETED_DEVICE_FAMILY = "1,2";
				TEST_HOST = "$(BUILT_PRODUCTS_DIR)/handy.app/handy";
			};
			name = Release;
		};
		90AD1CE526DF6229008B8382 /* Debug */ = {
			isa = XCBuildConfiguration;
			baseConfigurationReference = 4B08EBD1C20E4A237CE8DCF4 /* Pods-handy-handyUITests.debug.xcconfig */;
			buildSettings = {
				ALWAYS_EMBED_SWIFT_STANDARD_LIBRARIES = YES;
				CODE_SIGN_STYLE = Automatic;
				DEVELOPMENT_TEAM = U3V7X75S9T;
				INFOPLIST_FILE = handyUITests/Info.plist;
				LD_RUNPATH_SEARCH_PATHS = (
					"$(inherited)",
					"@executable_path/Frameworks",
					"@loader_path/Frameworks",
				);
				PRODUCT_BUNDLE_IDENTIFIER = jiyeon.handyUITests;
				PRODUCT_NAME = "$(TARGET_NAME)";
				SWIFT_VERSION = 5.0;
				TARGETED_DEVICE_FAMILY = "1,2";
				TEST_TARGET_NAME = handy;
			};
			name = Debug;
		};
		90AD1CE626DF6229008B8382 /* Release */ = {
			isa = XCBuildConfiguration;
			baseConfigurationReference = 7CA537125180B81D428C35D2 /* Pods-handy-handyUITests.release.xcconfig */;
			buildSettings = {
				ALWAYS_EMBED_SWIFT_STANDARD_LIBRARIES = YES;
				CODE_SIGN_STYLE = Automatic;
				DEVELOPMENT_TEAM = U3V7X75S9T;
				INFOPLIST_FILE = handyUITests/Info.plist;
				LD_RUNPATH_SEARCH_PATHS = (
					"$(inherited)",
					"@executable_path/Frameworks",
					"@loader_path/Frameworks",
				);
				PRODUCT_BUNDLE_IDENTIFIER = jiyeon.handyUITests;
				PRODUCT_NAME = "$(TARGET_NAME)";
				SWIFT_VERSION = 5.0;
				TARGETED_DEVICE_FAMILY = "1,2";
				TEST_TARGET_NAME = handy;
			};
			name = Release;
		};
/* End XCBuildConfiguration section */

/* Begin XCConfigurationList section */
		90AD1CAF26DF6228008B8382 /* Build configuration list for PBXProject "handy" */ = {
			isa = XCConfigurationList;
			buildConfigurations = (
				90AD1CDC26DF6229008B8382 /* Debug */,
				90AD1CDD26DF6229008B8382 /* Release */,
			);
			defaultConfigurationIsVisible = 0;
			defaultConfigurationName = Release;
		};
		90AD1CDE26DF6229008B8382 /* Build configuration list for PBXNativeTarget "handy" */ = {
			isa = XCConfigurationList;
			buildConfigurations = (
				90AD1CDF26DF6229008B8382 /* Debug */,
				90AD1CE026DF6229008B8382 /* Release */,
			);
			defaultConfigurationIsVisible = 0;
			defaultConfigurationName = Release;
		};
		90AD1CE126DF6229008B8382 /* Build configuration list for PBXNativeTarget "handyTests" */ = {
			isa = XCConfigurationList;
			buildConfigurations = (
				90AD1CE226DF6229008B8382 /* Debug */,
				90AD1CE326DF6229008B8382 /* Release */,
			);
			defaultConfigurationIsVisible = 0;
			defaultConfigurationName = Release;
		};
		90AD1CE426DF6229008B8382 /* Build configuration list for PBXNativeTarget "handyUITests" */ = {
			isa = XCConfigurationList;
			buildConfigurations = (
				90AD1CE526DF6229008B8382 /* Debug */,
				90AD1CE626DF6229008B8382 /* Release */,
			);
			defaultConfigurationIsVisible = 0;
			defaultConfigurationName = Release;
		};
/* End XCConfigurationList section */
	};
	rootObject = 90AD1CAC26DF6228008B8382 /* Project object */;
}
